<?xml version="1.0" encoding="utf-8"?>
<Project ToolsVersion="4.0" xmlns="http://schemas.microsoft.com/developer/msbuild/2003">
  <ItemGroup>
    <Filter Include="Resource Files">
      <UniqueIdentifier>{67DA6AB6-F800-4c08-8B7A-83BB121AAD01}</UniqueIdentifier>
      <Extensions>rc;ico;cur;bmp;dlg;rc2;rct;bin;rgs;gif;jpg;jpeg;jpe;resx;tiff;tif;png;wav;mfcribbon-ms</Extensions>
    </Filter>
  </ItemGroup>
  <ItemGroup>
    <ClCompile Include="src\main.cpp" />
    <ClCompile Include="src\Engine.cpp" />
    <ClCompile Include="src\Input.cpp" />
    <ClCompile Include="src\Framework.cpp" />
    <ClCompile Include="src\D3DManager.cpp" />
    <ClCompile Include="src\shaders\ColorShader.cpp" />
    <ClCompile Include="src\Model.cpp" />
  </ItemGroup>
  <ItemGroup>
    <ClInclude Include="src\Engine.h" />
    <ClInclude Include="src\Input.h" />
    <ClInclude Include="src\Framework.h" />
    <ClInclude Include="src\D3DManager.h" />
    <ClInclude Include="src\shaders\ColorShader.h" />
    <ClInclude Include="src\Model.h" />
  </ItemGroup>
</Project>